// !$*UTF8*$!
{
	archiveVersion = 1;
	classes = {
	};
	objectVersion = 46;
	objects = {

/* Begin PBXBuildFile section */
		34195F7D17CA80A90036F8DC /* UIKit.framework in Frameworks */ = {isa = PBXBuildFile; fileRef = 34195F7C17CA80A90036F8DC /* UIKit.framework */; };
		34195F7F17CA80A90036F8DC /* Foundation.framework in Frameworks */ = {isa = PBXBuildFile; fileRef = 34195F7E17CA80A90036F8DC /* Foundation.framework */; };
		34195F8117CA80A90036F8DC /* CoreGraphics.framework in Frameworks */ = {isa = PBXBuildFile; fileRef = 34195F8017CA80A90036F8DC /* CoreGraphics.framework */; };
		34195F8717CA80A90036F8DC /* InfoPlist.strings in Resources */ = {isa = PBXBuildFile; fileRef = 34195F8517CA80A90036F8DC /* InfoPlist.strings */; };
		34195F8917CA80A90036F8DC /* main.m in Sources */ = {isa = PBXBuildFile; fileRef = 34195F8817CA80A90036F8DC /* main.m */; };
		34195F8D17CA80A90036F8DC /* AppDelegate.m in Sources */ = {isa = PBXBuildFile; fileRef = 34195F8C17CA80A90036F8DC /* AppDelegate.m */; };
		34195F8F17CA80A90036F8DC /* Default.png in Resources */ = {isa = PBXBuildFile; fileRef = 34195F8E17CA80A90036F8DC /* Default.png */; };
		34195F9117CA80A90036F8DC /* Default@2x.png in Resources */ = {isa = PBXBuildFile; fileRef = 34195F9017CA80A90036F8DC /* Default@2x.png */; };
		34195F9317CA80A90036F8DC /* Default-568h@2x.png in Resources */ = {isa = PBXBuildFile; fileRef = 34195F9217CA80A90036F8DC /* Default-568h@2x.png */; };
		34195FAD17CA80A90036F8DC /* SenTestingKit.framework in Frameworks */ = {isa = PBXBuildFile; fileRef = 34195FAC17CA80A90036F8DC /* SenTestingKit.framework */; };
		34195FAE17CA80A90036F8DC /* UIKit.framework in Frameworks */ = {isa = PBXBuildFile; fileRef = 34195F7C17CA80A90036F8DC /* UIKit.framework */; };
		34195FAF17CA80A90036F8DC /* Foundation.framework in Frameworks */ = {isa = PBXBuildFile; fileRef = 34195F7E17CA80A90036F8DC /* Foundation.framework */; };
		34195FB717CA80A90036F8DC /* InfoPlist.strings in Resources */ = {isa = PBXBuildFile; fileRef = 34195FB517CA80A90036F8DC /* InfoPlist.strings */; };
		34195FBA17CA80A90036F8DC /* WeViews2DemoAppTests.m in Sources */ = {isa = PBXBuildFile; fileRef = 34195FB917CA80A90036F8DC /* WeViews2DemoAppTests.m */; };
		34195FD417CA82300036F8DC /* Demo.m in Sources */ = {isa = PBXBuildFile; fileRef = 34195FD317CA82300036F8DC /* Demo.m */; };
		34195FEB17CA87400036F8DC /* SidebarViewController.m in Sources */ = {isa = PBXBuildFile; fileRef = 34195FE717CA87400036F8DC /* SidebarViewController.m */; };
		34195FEC17CA87400036F8DC /* SelectDemoViewController.m in Sources */ = {isa = PBXBuildFile; fileRef = 34195FE917CA87400036F8DC /* SelectDemoViewController.m */; };
		344435C817CACFEB00EFF341 /* ViewDescriptionViewController.m in Sources */ = {isa = PBXBuildFile; fileRef = 344435C517CACFEA00EFF341 /* ViewDescriptionViewController.m */; };
		344435C917CACFEB00EFF341 /* ViewHierarchyTree.m in Sources */ = {isa = PBXBuildFile; fileRef = 344435C717CACFEB00EFF341 /* ViewHierarchyTree.m */; };
		344435CF17CAD20F00EFF341 /* DemoModel.m in Sources */ = {isa = PBXBuildFile; fileRef = 344435CE17CAD20F00EFF341 /* DemoModel.m */; };
		344435D917CAFA1D00EFF341 /* ViewTreeViewController.m in Sources */ = {isa = PBXBuildFile; fileRef = 344435D817CAFA1C00EFF341 /* ViewTreeViewController.m */; };
		344435F417CF6DEA00EFF341 /* ViewEditorController.m in Sources */ = {isa = PBXBuildFile; fileRef = 344435F317CF6DEA00EFF341 /* ViewEditorController.m */; };
		3444365817D22B0A00EFF341 /* DefaultSandboxView.m in Sources */ = {isa = PBXBuildFile; fileRef = 3444365317D22B0A00EFF341 /* DefaultSandboxView.m */; };
		3444365917D22B0A00EFF341 /* SandboxView.m in Sources */ = {isa = PBXBuildFile; fileRef = 3444365517D22B0A00EFF341 /* SandboxView.m */; };
		3444365A17D22B0A00EFF341 /* SandboxViewController.m in Sources */ = {isa = PBXBuildFile; fileRef = 3444365717D22B0A00EFF341 /* SandboxViewController.m */; };
		3444365D17D2930100EFF341 /* DemoViewFactory.m in Sources */ = {isa = PBXBuildFile; fileRef = 3444365C17D292FE00EFF341 /* DemoViewFactory.m */; };
		3444366317D2A5B800EFF341 /* Images in Resources */ = {isa = PBXBuildFile; fileRef = 3444366217D2A5B800EFF341 /* Images */; };
		3444366B17D2A5E100EFF341 /* Icon-72.png in Resources */ = {isa = PBXBuildFile; fileRef = 3444366417D2A5E100EFF341 /* Icon-72.png */; };
		3444366C17D2A5E100EFF341 /* icon-512.png in Resources */ = {isa = PBXBuildFile; fileRef = 3444366517D2A5E100EFF341 /* icon-512.png */; };
		3444366D17D2A5E100EFF341 /* Icon-Small-50.png in Resources */ = {isa = PBXBuildFile; fileRef = 3444366617D2A5E100EFF341 /* Icon-Small-50.png */; };
		3444366E17D2A5E100EFF341 /* Icon-Small.png in Resources */ = {isa = PBXBuildFile; fileRef = 3444366717D2A5E100EFF341 /* Icon-Small.png */; };
		3444366F17D2A5E100EFF341 /* Icon-Small@2x.png in Resources */ = {isa = PBXBuildFile; fileRef = 3444366817D2A5E100EFF341 /* Icon-Small@2x.png */; };
		3444367017D2A5E100EFF341 /* Icon.png in Resources */ = {isa = PBXBuildFile; fileRef = 3444366917D2A5E100EFF341 /* Icon.png */; };
		3444367117D2A5E100EFF341 /* Icon@2x.png in Resources */ = {isa = PBXBuildFile; fileRef = 3444366A17D2A5E100EFF341 /* Icon@2x.png */; };
		3444367A17D2A7DC00EFF341 /* subtlepatterns.com in Resources */ = {isa = PBXBuildFile; fileRef = 3444367917D2A7DC00EFF341 /* subtlepatterns.com */; };
		3444368B17D3F9DB00EFF341 /* README.md in Resources */ = {isa = PBXBuildFile; fileRef = 3444368A17D3F9DA00EFF341 /* README.md */; };
		3444368D17D3F9E300EFF341 /* LICENSE in Resources */ = {isa = PBXBuildFile; fileRef = 3444368C17D3F9E200EFF341 /* LICENSE */; };
		34C19C6017DB967E0025914F /* DemoFactory.m in Sources */ = {isa = PBXBuildFile; fileRef = 34C19C5F17DB967E0025914F /* DemoFactory.m */; };
		34C19C6417DBE8DA0025914F /* FAQ.md in Resources */ = {isa = PBXBuildFile; fileRef = 34C19C6317DBE8DA0025914F /* FAQ.md */; };
		34C19C7A17DCF2160025914F /* ImageIO.framework in Frameworks */ = {isa = PBXBuildFile; fileRef = 34C19C7917DCF2160025914F /* ImageIO.framework */; };
		34C19C7C17DCF22E0025914F /* MobileCoreServices.framework in Frameworks */ = {isa = PBXBuildFile; fileRef = 34C19C7B17DCF22E0025914F /* MobileCoreServices.framework */; };
		34C19CC917DD1D4C0025914F /* WeViewBlockLayout.m in Sources */ = {isa = PBXBuildFile; fileRef = 34C19CB517DD1D4B0025914F /* WeViewBlockLayout.m */; };
		34C19CCA17DD1D4C0025914F /* WeViewGridLayout.m in Sources */ = {isa = PBXBuildFile; fileRef = 34C19CB717DD1D4B0025914F /* WeViewGridLayout.m */; };
		34C19CCB17DD1D4C0025914F /* WeViewLayout.m in Sources */ = {isa = PBXBuildFile; fileRef = 34C19CB917DD1D4B0025914F /* WeViewLayout.m */; };
		34C19CCC17DD1D4C0025914F /* WeViewLinearLayout.m in Sources */ = {isa = PBXBuildFile; fileRef = 34C19CBB17DD1D4B0025914F /* WeViewLinearLayout.m */; };
		34C19CCD17DD1D4C0025914F /* WeViewNoopLayout.m in Sources */ = {isa = PBXBuildFile; fileRef = 34C19CBD17DD1D4B0025914F /* WeViewNoopLayout.m */; };
		34C19CCE17DD1D4C0025914F /* WeViewStackLayout.m in Sources */ = {isa = PBXBuildFile; fileRef = 34C19CBF17DD1D4B0025914F /* WeViewStackLayout.m */; };
		34C19CCF17DD1D4C0025914F /* UIView+WeView.m in Sources */ = {isa = PBXBuildFile; fileRef = 34C19CC117DD1D4B0025914F /* UIView+WeView.m */; };
		34C19CD017DD1D4C0025914F /* WeView.m in Sources */ = {isa = PBXBuildFile; fileRef = 34C19CC317DD1D4B0025914F /* WeView.m */; };
		34C19CD617DD1DA30025914F /* WeViewDemoUtils.m in Sources */ = {isa = PBXBuildFile; fileRef = 34C19CD517DD1DA30025914F /* WeViewDemoUtils.m */; };
		34C19CED17E172890025914F /* AVFoundation.framework in Frameworks */ = {isa = PBXBuildFile; fileRef = 34C19CEC17E172880025914F /* AVFoundation.framework */; };
		34C19CEF17E172960025914F /* CoreVideo.framework in Frameworks */ = {isa = PBXBuildFile; fileRef = 34C19CEE17E172960025914F /* CoreVideo.framework */; };
		34C19CF117E1729F0025914F /* CoreMedia.framework in Frameworks */ = {isa = PBXBuildFile; fileRef = 34C19CF017E1729F0025914F /* CoreMedia.framework */; };
		34C19D2517E64CCA0025914F /* TutorialCode.m in Sources */ = {isa = PBXBuildFile; fileRef = 34C19D2417E64CCA0025914F /* TutorialCode.m */; };
		34C19D2817E7E0780025914F /* WeViewFlowLayout.m in Sources */ = {isa = PBXBuildFile; fileRef = 34C19D2717E7E0780025914F /* WeViewFlowLayout.m */; };
/* End PBXBuildFile section */

/* Begin PBXContainerItemProxy section */
		34195FB017CA80A90036F8DC /* PBXContainerItemProxy */ = {
			isa = PBXContainerItemProxy;
			containerPortal = 34195F7117CA80A90036F8DC /* Project object */;
			proxyType = 1;
			remoteGlobalIDString = 34195F7817CA80A90036F8DC;
			remoteInfo = WeViews2DemoApp;
		};
/* End PBXContainerItemProxy section */

/* Begin PBXFileReference section */
		34195F7917CA80A90036F8DC /* WeViews2DemoApp.app */ = {isa = PBXFileReference; explicitFileType = wrapper.application; includeInIndex = 0; path = WeViews2DemoApp.app; sourceTree = BUILT_PRODUCTS_DIR; };
		34195F7C17CA80A90036F8DC /* UIKit.framework */ = {isa = PBXFileReference; lastKnownFileType = wrapper.framework; name = UIKit.framework; path = System/Library/Frameworks/UIKit.framework; sourceTree = SDKROOT; };
		34195F7E17CA80A90036F8DC /* Foundation.framework */ = {isa = PBXFileReference; lastKnownFileType = wrapper.framework; name = Foundation.framework; path = System/Library/Frameworks/Foundation.framework; sourceTree = SDKROOT; };
		34195F8017CA80A90036F8DC /* CoreGraphics.framework */ = {isa = PBXFileReference; lastKnownFileType = wrapper.framework; name = CoreGraphics.framework; path = System/Library/Frameworks/CoreGraphics.framework; sourceTree = SDKROOT; };
		34195F8417CA80A90036F8DC /* WeViews2DemoApp-Info.plist */ = {isa = PBXFileReference; lastKnownFileType = text.plist.xml; path = "WeViews2DemoApp-Info.plist"; sourceTree = "<group>"; };
		34195F8617CA80A90036F8DC /* en */ = {isa = PBXFileReference; lastKnownFileType = text.plist.strings; name = en; path = en.lproj/InfoPlist.strings; sourceTree = "<group>"; };
		34195F8817CA80A90036F8DC /* main.m */ = {isa = PBXFileReference; lastKnownFileType = sourcecode.c.objc; path = main.m; sourceTree = "<group>"; };
		34195F8A17CA80A90036F8DC /* WeViews2DemoApp-Prefix.pch */ = {isa = PBXFileReference; lastKnownFileType = sourcecode.c.h; path = "WeViews2DemoApp-Prefix.pch"; sourceTree = "<group>"; };
		34195F8B17CA80A90036F8DC /* AppDelegate.h */ = {isa = PBXFileReference; lastKnownFileType = sourcecode.c.h; path = AppDelegate.h; sourceTree = "<group>"; };
		34195F8C17CA80A90036F8DC /* AppDelegate.m */ = {isa = PBXFileReference; lastKnownFileType = sourcecode.c.objc; path = AppDelegate.m; sourceTree = "<group>"; };
		34195F8E17CA80A90036F8DC /* Default.png */ = {isa = PBXFileReference; lastKnownFileType = image.png; path = Default.png; sourceTree = "<group>"; };
		34195F9017CA80A90036F8DC /* Default@2x.png */ = {isa = PBXFileReference; lastKnownFileType = image.png; path = "Default@2x.png"; sourceTree = "<group>"; };
		34195F9217CA80A90036F8DC /* Default-568h@2x.png */ = {isa = PBXFileReference; lastKnownFileType = image.png; path = "Default-568h@2x.png"; sourceTree = "<group>"; };
		34195FAB17CA80A90036F8DC /* WeViews2DemoAppTests.octest */ = {isa = PBXFileReference; explicitFileType = wrapper.cfbundle; includeInIndex = 0; path = WeViews2DemoAppTests.octest; sourceTree = BUILT_PRODUCTS_DIR; };
		34195FAC17CA80A90036F8DC /* SenTestingKit.framework */ = {isa = PBXFileReference; lastKnownFileType = wrapper.framework; name = SenTestingKit.framework; path = Library/Frameworks/SenTestingKit.framework; sourceTree = DEVELOPER_DIR; };
		34195FB417CA80A90036F8DC /* WeViews2DemoAppTests-Info.plist */ = {isa = PBXFileReference; lastKnownFileType = text.plist.xml; path = "WeViews2DemoAppTests-Info.plist"; sourceTree = "<group>"; };
		34195FB617CA80A90036F8DC /* en */ = {isa = PBXFileReference; lastKnownFileType = text.plist.strings; name = en; path = en.lproj/InfoPlist.strings; sourceTree = "<group>"; };
		34195FB817CA80A90036F8DC /* WeViews2DemoAppTests.h */ = {isa = PBXFileReference; lastKnownFileType = sourcecode.c.h; path = WeViews2DemoAppTests.h; sourceTree = "<group>"; };
		34195FB917CA80A90036F8DC /* WeViews2DemoAppTests.m */ = {isa = PBXFileReference; lastKnownFileType = sourcecode.c.objc; path = WeViews2DemoAppTests.m; sourceTree = "<group>"; };
		34195FD217CA82300036F8DC /* Demo.h */ = {isa = PBXFileReference; fileEncoding = 4; lastKnownFileType = sourcecode.c.h; path = Demo.h; sourceTree = "<group>"; };
		34195FD317CA82300036F8DC /* Demo.m */ = {isa = PBXFileReference; fileEncoding = 4; lastKnownFileType = sourcecode.c.objc; path = Demo.m; sourceTree = "<group>"; };
		34195FE717CA87400036F8DC /* SidebarViewController.m */ = {isa = PBXFileReference; fileEncoding = 4; lastKnownFileType = sourcecode.c.objc; path = SidebarViewController.m; sourceTree = "<group>"; };
		34195FE817CA87400036F8DC /* SelectDemoViewController.h */ = {isa = PBXFileReference; fileEncoding = 4; lastKnownFileType = sourcecode.c.h; path = SelectDemoViewController.h; sourceTree = "<group>"; };
		34195FE917CA87400036F8DC /* SelectDemoViewController.m */ = {isa = PBXFileReference; fileEncoding = 4; lastKnownFileType = sourcecode.c.objc; path = SelectDemoViewController.m; sourceTree = "<group>"; };
		34195FEA17CA87400036F8DC /* SidebarViewController.h */ = {isa = PBXFileReference; fileEncoding = 4; lastKnownFileType = sourcecode.c.h; path = SidebarViewController.h; sourceTree = "<group>"; };
		344435C417CACFEA00EFF341 /* ViewDescriptionViewController.h */ = {isa = PBXFileReference; fileEncoding = 4; lastKnownFileType = sourcecode.c.h; path = ViewDescriptionViewController.h; sourceTree = "<group>"; };
		344435C517CACFEA00EFF341 /* ViewDescriptionViewController.m */ = {isa = PBXFileReference; fileEncoding = 4; lastKnownFileType = sourcecode.c.objc; path = ViewDescriptionViewController.m; sourceTree = "<group>"; };
		344435C617CACFEA00EFF341 /* ViewHierarchyTree.h */ = {isa = PBXFileReference; fileEncoding = 4; lastKnownFileType = sourcecode.c.h; path = ViewHierarchyTree.h; sourceTree = "<group>"; };
		344435C717CACFEB00EFF341 /* ViewHierarchyTree.m */ = {isa = PBXFileReference; fileEncoding = 4; lastKnownFileType = sourcecode.c.objc; path = ViewHierarchyTree.m; sourceTree = "<group>"; };
		344435CD17CAD20F00EFF341 /* DemoModel.h */ = {isa = PBXFileReference; fileEncoding = 4; lastKnownFileType = sourcecode.c.h; path = DemoModel.h; sourceTree = "<group>"; };
		344435CE17CAD20F00EFF341 /* DemoModel.m */ = {isa = PBXFileReference; fileEncoding = 4; lastKnownFileType = sourcecode.c.objc; path = DemoModel.m; sourceTree = "<group>"; };
		344435D717CAFA1C00EFF341 /* ViewTreeViewController.h */ = {isa = PBXFileReference; fileEncoding = 4; lastKnownFileType = sourcecode.c.h; path = ViewTreeViewController.h; sourceTree = "<group>"; };
		344435D817CAFA1C00EFF341 /* ViewTreeViewController.m */ = {isa = PBXFileReference; fileEncoding = 4; lastKnownFileType = sourcecode.c.objc; path = ViewTreeViewController.m; sourceTree = "<group>"; };
		344435F217CF6DEA00EFF341 /* ViewEditorController.h */ = {isa = PBXFileReference; fileEncoding = 4; lastKnownFileType = sourcecode.c.h; path = ViewEditorController.h; sourceTree = "<group>"; };
		344435F317CF6DEA00EFF341 /* ViewEditorController.m */ = {isa = PBXFileReference; fileEncoding = 4; lastKnownFileType = sourcecode.c.objc; path = ViewEditorController.m; sourceTree = "<group>"; };
		3444365217D22B0A00EFF341 /* DefaultSandboxView.h */ = {isa = PBXFileReference; fileEncoding = 4; lastKnownFileType = sourcecode.c.h; path = DefaultSandboxView.h; sourceTree = "<group>"; };
		3444365317D22B0A00EFF341 /* DefaultSandboxView.m */ = {isa = PBXFileReference; fileEncoding = 4; lastKnownFileType = sourcecode.c.objc; path = DefaultSandboxView.m; sourceTree = "<group>"; };
		3444365417D22B0A00EFF341 /* SandboxView.h */ = {isa = PBXFileReference; fileEncoding = 4; lastKnownFileType = sourcecode.c.h; path = SandboxView.h; sourceTree = "<group>"; };
		3444365517D22B0A00EFF341 /* SandboxView.m */ = {isa = PBXFileReference; fileEncoding = 4; lastKnownFileType = sourcecode.c.objc; path = SandboxView.m; sourceTree = "<group>"; };
		3444365617D22B0A00EFF341 /* SandboxViewController.h */ = {isa = PBXFileReference; fileEncoding = 4; lastKnownFileType = sourcecode.c.h; path = SandboxViewController.h; sourceTree = "<group>"; };
		3444365717D22B0A00EFF341 /* SandboxViewController.m */ = {isa = PBXFileReference; fileEncoding = 4; lastKnownFileType = sourcecode.c.objc; path = SandboxViewController.m; sourceTree = "<group>"; };
		3444365B17D292FC00EFF341 /* DemoViewFactory.h */ = {isa = PBXFileReference; fileEncoding = 4; lastKnownFileType = sourcecode.c.h; path = DemoViewFactory.h; sourceTree = "<group>"; };
		3444365C17D292FE00EFF341 /* DemoViewFactory.m */ = {isa = PBXFileReference; fileEncoding = 4; lastKnownFileType = sourcecode.c.objc; path = DemoViewFactory.m; sourceTree = "<group>"; };
		3444366217D2A5B800EFF341 /* Images */ = {isa = PBXFileReference; lastKnownFileType = folder; name = Images; path = WeViews2DemoApp/Resources/Images; sourceTree = "<group>"; };
		3444366417D2A5E100EFF341 /* Icon-72.png */ = {isa = PBXFileReference; lastKnownFileType = image.png; name = "Icon-72.png"; path = "WeViews2DemoApp/Resources/Icon-72.png"; sourceTree = "<group>"; };
		3444366517D2A5E100EFF341 /* icon-512.png */ = {isa = PBXFileReference; lastKnownFileType = image.png; name = "icon-512.png"; path = "WeViews2DemoApp/Resources/icon-512.png"; sourceTree = "<group>"; };
		3444366617D2A5E100EFF341 /* Icon-Small-50.png */ = {isa = PBXFileReference; lastKnownFileType = image.png; name = "Icon-Small-50.png"; path = "WeViews2DemoApp/Resources/Icon-Small-50.png"; sourceTree = "<group>"; };
		3444366717D2A5E100EFF341 /* Icon-Small.png */ = {isa = PBXFileReference; lastKnownFileType = image.png; name = "Icon-Small.png"; path = "WeViews2DemoApp/Resources/Icon-Small.png"; sourceTree = "<group>"; };
		3444366817D2A5E100EFF341 /* Icon-Small@2x.png */ = {isa = PBXFileReference; lastKnownFileType = image.png; name = "Icon-Small@2x.png"; path = "WeViews2DemoApp/Resources/Icon-Small@2x.png"; sourceTree = "<group>"; };
		3444366917D2A5E100EFF341 /* Icon.png */ = {isa = PBXFileReference; lastKnownFileType = image.png; name = Icon.png; path = WeViews2DemoApp/Resources/Icon.png; sourceTree = "<group>"; };
		3444366A17D2A5E100EFF341 /* Icon@2x.png */ = {isa = PBXFileReference; lastKnownFileType = image.png; name = "Icon@2x.png"; path = "WeViews2DemoApp/Resources/Icon@2x.png"; sourceTree = "<group>"; };
		3444367917D2A7DC00EFF341 /* subtlepatterns.com */ = {isa = PBXFileReference; lastKnownFileType = folder; name = subtlepatterns.com; path = WeViews2DemoApp/Resources/subtlepatterns.com; sourceTree = "<group>"; };
		3444368A17D3F9DA00EFF341 /* README.md */ = {isa = PBXFileReference; fileEncoding = 4; lastKnownFileType = text; name = README.md; path = ../README.md; sourceTree = "<group>"; };
		3444368C17D3F9E200EFF341 /* LICENSE */ = {isa = PBXFileReference; fileEncoding = 4; lastKnownFileType = text; name = LICENSE; path = ../LICENSE; sourceTree = "<group>"; };
		34C19C5E17DB967E0025914F /* DemoFactory.h */ = {isa = PBXFileReference; fileEncoding = 4; lastKnownFileType = sourcecode.c.h; path = DemoFactory.h; sourceTree = "<group>"; };
		34C19C5F17DB967E0025914F /* DemoFactory.m */ = {isa = PBXFileReference; fileEncoding = 4; lastKnownFileType = sourcecode.c.objc; path = DemoFactory.m; sourceTree = "<group>"; };
		34C19C6317DBE8DA0025914F /* FAQ.md */ = {isa = PBXFileReference; fileEncoding = 4; lastKnownFileType = text; name = FAQ.md; path = ../FAQ.md; sourceTree = "<group>"; };
		34C19C7917DCF2160025914F /* ImageIO.framework */ = {isa = PBXFileReference; lastKnownFileType = wrapper.framework; name = ImageIO.framework; path = System/Library/Frameworks/ImageIO.framework; sourceTree = SDKROOT; };
		34C19C7B17DCF22E0025914F /* MobileCoreServices.framework */ = {isa = PBXFileReference; lastKnownFileType = wrapper.framework; name = MobileCoreServices.framework; path = System/Library/Frameworks/MobileCoreServices.framework; sourceTree = SDKROOT; };
		34C19CB417DD1D4B0025914F /* WeViewBlockLayout.h */ = {isa = PBXFileReference; fileEncoding = 4; lastKnownFileType = sourcecode.c.h; path = WeViewBlockLayout.h; sourceTree = "<group>"; };
		34C19CB517DD1D4B0025914F /* WeViewBlockLayout.m */ = {isa = PBXFileReference; fileEncoding = 4; lastKnownFileType = sourcecode.c.objc; path = WeViewBlockLayout.m; sourceTree = "<group>"; };
		34C19CB617DD1D4B0025914F /* WeViewGridLayout.h */ = {isa = PBXFileReference; fileEncoding = 4; lastKnownFileType = sourcecode.c.h; path = WeViewGridLayout.h; sourceTree = "<group>"; };
		34C19CB717DD1D4B0025914F /* WeViewGridLayout.m */ = {isa = PBXFileReference; fileEncoding = 4; lastKnownFileType = sourcecode.c.objc; path = WeViewGridLayout.m; sourceTree = "<group>"; };
		34C19CB817DD1D4B0025914F /* WeViewLayout.h */ = {isa = PBXFileReference; fileEncoding = 4; lastKnownFileType = sourcecode.c.h; path = WeViewLayout.h; sourceTree = "<group>"; };
		34C19CB917DD1D4B0025914F /* WeViewLayout.m */ = {isa = PBXFileReference; fileEncoding = 4; lastKnownFileType = sourcecode.c.objc; path = WeViewLayout.m; sourceTree = "<group>"; };
		34C19CBA17DD1D4B0025914F /* WeViewLinearLayout.h */ = {isa = PBXFileReference; fileEncoding = 4; lastKnownFileType = sourcecode.c.h; path = WeViewLinearLayout.h; sourceTree = "<group>"; };
		34C19CBB17DD1D4B0025914F /* WeViewLinearLayout.m */ = {isa = PBXFileReference; fileEncoding = 4; lastKnownFileType = sourcecode.c.objc; path = WeViewLinearLayout.m; sourceTree = "<group>"; };
		34C19CBC17DD1D4B0025914F /* WeViewNoopLayout.h */ = {isa = PBXFileReference; fileEncoding = 4; lastKnownFileType = sourcecode.c.h; path = WeViewNoopLayout.h; sourceTree = "<group>"; };
		34C19CBD17DD1D4B0025914F /* WeViewNoopLayout.m */ = {isa = PBXFileReference; fileEncoding = 4; lastKnownFileType = sourcecode.c.objc; path = WeViewNoopLayout.m; sourceTree = "<group>"; };
		34C19CBE17DD1D4B0025914F /* WeViewStackLayout.h */ = {isa = PBXFileReference; fileEncoding = 4; lastKnownFileType = sourcecode.c.h; path = WeViewStackLayout.h; sourceTree = "<group>"; };
		34C19CBF17DD1D4B0025914F /* WeViewStackLayout.m */ = {isa = PBXFileReference; fileEncoding = 4; lastKnownFileType = sourcecode.c.objc; path = WeViewStackLayout.m; sourceTree = "<group>"; };
		34C19CC017DD1D4B0025914F /* UIView+WeView.h */ = {isa = PBXFileReference; fileEncoding = 4; lastKnownFileType = sourcecode.c.h; path = "UIView+WeView.h"; sourceTree = "<group>"; };
		34C19CC117DD1D4B0025914F /* UIView+WeView.m */ = {isa = PBXFileReference; fileEncoding = 4; lastKnownFileType = sourcecode.c.objc; path = "UIView+WeView.m"; sourceTree = "<group>"; };
		34C19CC217DD1D4B0025914F /* WeView.h */ = {isa = PBXFileReference; fileEncoding = 4; lastKnownFileType = sourcecode.c.h; path = WeView.h; sourceTree = "<group>"; };
		34C19CC317DD1D4B0025914F /* WeView.m */ = {isa = PBXFileReference; fileEncoding = 4; lastKnownFileType = sourcecode.c.objc; path = WeView.m; sourceTree = "<group>"; };
		34C19CC617DD1D4B0025914F /* WeViewMacros.h */ = {isa = PBXFileReference; fileEncoding = 4; lastKnownFileType = sourcecode.c.h; path = WeViewMacros.h; sourceTree = "<group>"; };
		34C19CD317DD1DA30025914F /* WeViewDemoConstants.h */ = {isa = PBXFileReference; fileEncoding = 4; lastKnownFileType = sourcecode.c.h; path = WeViewDemoConstants.h; sourceTree = "<group>"; };
		34C19CD417DD1DA30025914F /* WeViewDemoUtils.h */ = {isa = PBXFileReference; fileEncoding = 4; lastKnownFileType = sourcecode.c.h; path = WeViewDemoUtils.h; sourceTree = "<group>"; };
		34C19CD517DD1DA30025914F /* WeViewDemoUtils.m */ = {isa = PBXFileReference; fileEncoding = 4; lastKnownFileType = sourcecode.c.objc; path = WeViewDemoUtils.m; sourceTree = "<group>"; };
		34C19CEC17E172880025914F /* AVFoundation.framework */ = {isa = PBXFileReference; lastKnownFileType = wrapper.framework; name = AVFoundation.framework; path = System/Library/Frameworks/AVFoundation.framework; sourceTree = SDKROOT; };
		34C19CEE17E172960025914F /* CoreVideo.framework */ = {isa = PBXFileReference; lastKnownFileType = wrapper.framework; name = CoreVideo.framework; path = System/Library/Frameworks/CoreVideo.framework; sourceTree = SDKROOT; };
		34C19CF017E1729F0025914F /* CoreMedia.framework */ = {isa = PBXFileReference; lastKnownFileType = wrapper.framework; name = CoreMedia.framework; path = System/Library/Frameworks/CoreMedia.framework; sourceTree = SDKROOT; };
		34C19D2317E64CCA0025914F /* TutorialCode.h */ = {isa = PBXFileReference; fileEncoding = 4; lastKnownFileType = sourcecode.c.h; path = TutorialCode.h; sourceTree = "<group>"; };
		34C19D2417E64CCA0025914F /* TutorialCode.m */ = {isa = PBXFileReference; fileEncoding = 4; lastKnownFileType = sourcecode.c.objc; path = TutorialCode.m; sourceTree = "<group>"; };
		34C19D2617E7E0780025914F /* WeViewFlowLayout.h */ = {isa = PBXFileReference; fileEncoding = 4; lastKnownFileType = sourcecode.c.h; path = WeViewFlowLayout.h; sourceTree = "<group>"; };
		34C19D2717E7E0780025914F /* WeViewFlowLayout.m */ = {isa = PBXFileReference; fileEncoding = 4; lastKnownFileType = sourcecode.c.objc; path = WeViewFlowLayout.m; sourceTree = "<group>"; };
		34C19D3217EEA0A90025914F /* WeViewEnums.h */ = {isa = PBXFileReference; fileEncoding = 4; lastKnownFileType = sourcecode.c.h; path = WeViewEnums.h; sourceTree = "<group>"; };
/* End PBXFileReference section */

/* Begin PBXFrameworksBuildPhase section */
		34195F7617CA80A90036F8DC /* Frameworks */ = {
			isa = PBXFrameworksBuildPhase;
			buildActionMask = 2147483647;
			files = (
				34C19CF117E1729F0025914F /* CoreMedia.framework in Frameworks */,
				34C19CEF17E172960025914F /* CoreVideo.framework in Frameworks */,
				34C19CED17E172890025914F /* AVFoundation.framework in Frameworks */,
				34C19C7C17DCF22E0025914F /* MobileCoreServices.framework in Frameworks */,
				34C19C7A17DCF2160025914F /* ImageIO.framework in Frameworks */,
				34195F7D17CA80A90036F8DC /* UIKit.framework in Frameworks */,
				34195F7F17CA80A90036F8DC /* Foundation.framework in Frameworks */,
				34195F8117CA80A90036F8DC /* CoreGraphics.framework in Frameworks */,
			);
			runOnlyForDeploymentPostprocessing = 0;
		};
		34195FA717CA80A90036F8DC /* Frameworks */ = {
			isa = PBXFrameworksBuildPhase;
			buildActionMask = 2147483647;
			files = (
				34195FAD17CA80A90036F8DC /* SenTestingKit.framework in Frameworks */,
				34195FAE17CA80A90036F8DC /* UIKit.framework in Frameworks */,
				34195FAF17CA80A90036F8DC /* Foundation.framework in Frameworks */,
			);
			runOnlyForDeploymentPostprocessing = 0;
		};
/* End PBXFrameworksBuildPhase section */

/* Begin PBXGroup section */
		34195F7017CA80A90036F8DC = {
			isa = PBXGroup;
			children = (
				34C19C6317DBE8DA0025914F /* FAQ.md */,
				34195F7B17CA80A90036F8DC /* Frameworks */,
				3444368C17D3F9E200EFF341 /* LICENSE */,
				34195F7A17CA80A90036F8DC /* Products */,
				3444368A17D3F9DA00EFF341 /* README.md */,
				3444366117D2A5AB00EFF341 /* Resources */,
				34C19CB217DD1D4B0025914F /* WeView */,
				34195F8217CA80A90036F8DC /* WeViews2DemoApp */,
				34195FB217CA80A90036F8DC /* WeViews2DemoAppTests */,
			);
			sourceTree = "<group>";
		};
		34195F7A17CA80A90036F8DC /* Products */ = {
			isa = PBXGroup;
			children = (
				34195F7917CA80A90036F8DC /* WeViews2DemoApp.app */,
				34195FAB17CA80A90036F8DC /* WeViews2DemoAppTests.octest */,
			);
			name = Products;
			sourceTree = "<group>";
		};
		34195F7B17CA80A90036F8DC /* Frameworks */ = {
			isa = PBXGroup;
			children = (
				34C19CF017E1729F0025914F /* CoreMedia.framework */,
				34C19CEE17E172960025914F /* CoreVideo.framework */,
				34C19CEC17E172880025914F /* AVFoundation.framework */,
				34C19C7917DCF2160025914F /* ImageIO.framework */,
				34C19C7B17DCF22E0025914F /* MobileCoreServices.framework */,
				34195F7C17CA80A90036F8DC /* UIKit.framework */,
				34195F7E17CA80A90036F8DC /* Foundation.framework */,
				34195F8017CA80A90036F8DC /* CoreGraphics.framework */,
				34195FAC17CA80A90036F8DC /* SenTestingKit.framework */,
			);
			name = Frameworks;
			sourceTree = "<group>";
		};
		34195F8217CA80A90036F8DC /* WeViews2DemoApp */ = {
			isa = PBXGroup;
			children = (
				34195F8B17CA80A90036F8DC /* AppDelegate.h */,
				34195F8C17CA80A90036F8DC /* AppDelegate.m */,
				344435CD17CAD20F00EFF341 /* DemoModel.h */,
				344435CE17CAD20F00EFF341 /* DemoModel.m */,
				34195FD117CA82270036F8DC /* Demos */,
				3444365B17D292FC00EFF341 /* DemoViewFactory.h */,
				3444365C17D292FE00EFF341 /* DemoViewFactory.m */,
				3444365117D22B0800EFF341 /* Sandbox */,
				34195FE817CA87400036F8DC /* SelectDemoViewController.h */,
				34195FE917CA87400036F8DC /* SelectDemoViewController.m */,
				34195FEA17CA87400036F8DC /* SidebarViewController.h */,
				34195FE717CA87400036F8DC /* SidebarViewController.m */,
				34195F8317CA80A90036F8DC /* Supporting Files */,
				344435C417CACFEA00EFF341 /* ViewDescriptionViewController.h */,
				344435C517CACFEA00EFF341 /* ViewDescriptionViewController.m */,
				344435F217CF6DEA00EFF341 /* ViewEditorController.h */,
				344435F317CF6DEA00EFF341 /* ViewEditorController.m */,
				344435C617CACFEA00EFF341 /* ViewHierarchyTree.h */,
				344435C717CACFEB00EFF341 /* ViewHierarchyTree.m */,
				344435D717CAFA1C00EFF341 /* ViewTreeViewController.h */,
				344435D817CAFA1C00EFF341 /* ViewTreeViewController.m */,
				34C19CD317DD1DA30025914F /* WeViewDemoConstants.h */,
				34C19CD417DD1DA30025914F /* WeViewDemoUtils.h */,
				34C19CD517DD1DA30025914F /* WeViewDemoUtils.m */,
			);
			path = WeViews2DemoApp;
			sourceTree = "<group>";
		};
		34195F8317CA80A90036F8DC /* Supporting Files */ = {
			isa = PBXGroup;
			children = (
				34195F8417CA80A90036F8DC /* WeViews2DemoApp-Info.plist */,
				34195F8517CA80A90036F8DC /* InfoPlist.strings */,
				34195F8817CA80A90036F8DC /* main.m */,
				34195F8A17CA80A90036F8DC /* WeViews2DemoApp-Prefix.pch */,
				34195F8E17CA80A90036F8DC /* Default.png */,
				34195F9017CA80A90036F8DC /* Default@2x.png */,
				34195F9217CA80A90036F8DC /* Default-568h@2x.png */,
			);
			name = "Supporting Files";
			sourceTree = "<group>";
		};
		34195FB217CA80A90036F8DC /* WeViews2DemoAppTests */ = {
			isa = PBXGroup;
			children = (
				34195FB817CA80A90036F8DC /* WeViews2DemoAppTests.h */,
				34195FB917CA80A90036F8DC /* WeViews2DemoAppTests.m */,
				34195FB317CA80A90036F8DC /* Supporting Files */,
			);
			path = WeViews2DemoAppTests;
			sourceTree = "<group>";
		};
		34195FB317CA80A90036F8DC /* Supporting Files */ = {
			isa = PBXGroup;
			children = (
				34195FB417CA80A90036F8DC /* WeViews2DemoAppTests-Info.plist */,
				34195FB517CA80A90036F8DC /* InfoPlist.strings */,
			);
			name = "Supporting Files";
			sourceTree = "<group>";
		};
		34195FD117CA82270036F8DC /* Demos */ = {
			isa = PBXGroup;
			children = (
				34195FD217CA82300036F8DC /* Demo.h */,
				34195FD317CA82300036F8DC /* Demo.m */,
				34C19C5E17DB967E0025914F /* DemoFactory.h */,
				34C19C5F17DB967E0025914F /* DemoFactory.m */,
				34C19D2317E64CCA0025914F /* TutorialCode.h */,
				34C19D2417E64CCA0025914F /* TutorialCode.m */,
			);
			path = Demos;
			sourceTree = "<group>";
		};
		3444365117D22B0800EFF341 /* Sandbox */ = {
			isa = PBXGroup;
			children = (
				3444365217D22B0A00EFF341 /* DefaultSandboxView.h */,
				3444365317D22B0A00EFF341 /* DefaultSandboxView.m */,
				3444365417D22B0A00EFF341 /* SandboxView.h */,
				3444365517D22B0A00EFF341 /* SandboxView.m */,
				3444365617D22B0A00EFF341 /* SandboxViewController.h */,
				3444365717D22B0A00EFF341 /* SandboxViewController.m */,
			);
			path = Sandbox;
			sourceTree = "<group>";
		};
		3444366117D2A5AB00EFF341 /* Resources */ = {
			isa = PBXGroup;
			children = (
				3444367917D2A7DC00EFF341 /* subtlepatterns.com */,
				3444366417D2A5E100EFF341 /* Icon-72.png */,
				3444366517D2A5E100EFF341 /* icon-512.png */,
				3444366617D2A5E100EFF341 /* Icon-Small-50.png */,
				3444366717D2A5E100EFF341 /* Icon-Small.png */,
				3444366817D2A5E100EFF341 /* Icon-Small@2x.png */,
				3444366917D2A5E100EFF341 /* Icon.png */,
				3444366A17D2A5E100EFF341 /* Icon@2x.png */,
				3444366217D2A5B800EFF341 /* Images */,
			);
			name = Resources;
			sourceTree = "<group>";
		};
		34C19CB217DD1D4B0025914F /* WeView */ = {
			isa = PBXGroup;
			children = (
				34C19CB317DD1D4B0025914F /* Layouts */,
				34C19CC017DD1D4B0025914F /* UIView+WeView.h */,
				34C19CC117DD1D4B0025914F /* UIView+WeView.m */,
				34C19CC217DD1D4B0025914F /* WeView.h */,
				34C19CC317DD1D4B0025914F /* WeView.m */,
				34C19D3217EEA0A90025914F /* WeViewEnums.h */,
				34C19CC617DD1D4B0025914F /* WeViewMacros.h */,
			);
			name = WeView;
			path = ../WeView;
			sourceTree = "<group>";
		};
		34C19CB317DD1D4B0025914F /* Layouts */ = {
			isa = PBXGroup;
			children = (
				34C19CB417DD1D4B0025914F /* WeViewBlockLayout.h */,
				34C19CB517DD1D4B0025914F /* WeViewBlockLayout.m */,
				34C19D2617E7E0780025914F /* WeViewFlowLayout.h */,
				34C19D2717E7E0780025914F /* WeViewFlowLayout.m */,
				34C19CB617DD1D4B0025914F /* WeViewGridLayout.h */,
				34C19CB717DD1D4B0025914F /* WeViewGridLayout.m */,
				34C19CB817DD1D4B0025914F /* WeViewLayout.h */,
				34C19CB917DD1D4B0025914F /* WeViewLayout.m */,
				34C19CBA17DD1D4B0025914F /* WeViewLinearLayout.h */,
				34C19CBB17DD1D4B0025914F /* WeViewLinearLayout.m */,
				34C19CBC17DD1D4B0025914F /* WeViewNoopLayout.h */,
				34C19CBD17DD1D4B0025914F /* WeViewNoopLayout.m */,
				34C19CBE17DD1D4B0025914F /* WeViewStackLayout.h */,
				34C19CBF17DD1D4B0025914F /* WeViewStackLayout.m */,
			);
			path = Layouts;
			sourceTree = "<group>";
		};
/* End PBXGroup section */

/* Begin PBXNativeTarget section */
		34195F7817CA80A90036F8DC /* WeViews2DemoApp */ = {
			isa = PBXNativeTarget;
			buildConfigurationList = 34195FBD17CA80A90036F8DC /* Build configuration list for PBXNativeTarget "WeViews2DemoApp" */;
			buildPhases = (
				34195F7517CA80A90036F8DC /* Sources */,
				34195F7617CA80A90036F8DC /* Frameworks */,
				34195F7717CA80A90036F8DC /* Resources */,
			);
			buildRules = (
			);
			dependencies = (
			);
			name = WeViews2DemoApp;
			productName = WeViews2DemoApp;
			productReference = 34195F7917CA80A90036F8DC /* WeViews2DemoApp.app */;
			productType = "com.apple.product-type.application";
		};
		34195FAA17CA80A90036F8DC /* WeViews2DemoAppTests */ = {
			isa = PBXNativeTarget;
			buildConfigurationList = 34195FC017CA80A90036F8DC /* Build configuration list for PBXNativeTarget "WeViews2DemoAppTests" */;
			buildPhases = (
				34195FA617CA80A90036F8DC /* Sources */,
				34195FA717CA80A90036F8DC /* Frameworks */,
				34195FA817CA80A90036F8DC /* Resources */,
				34195FA917CA80A90036F8DC /* ShellScript */,
			);
			buildRules = (
			);
			dependencies = (
				34195FB117CA80A90036F8DC /* PBXTargetDependency */,
			);
			name = WeViews2DemoAppTests;
			productName = WeViews2DemoAppTests;
			productReference = 34195FAB17CA80A90036F8DC /* WeViews2DemoAppTests.octest */;
			productType = "com.apple.product-type.bundle";
		};
/* End PBXNativeTarget section */

/* Begin PBXProject section */
		34195F7117CA80A90036F8DC /* Project object */ = {
			isa = PBXProject;
			attributes = {
				LastUpgradeCheck = 0460;
			};
			buildConfigurationList = 34195F7417CA80A90036F8DC /* Build configuration list for PBXProject "WeViews2DemoApp" */;
			compatibilityVersion = "Xcode 3.2";
			developmentRegion = English;
			hasScannedForEncodings = 0;
			knownRegions = (
				en,
			);
			mainGroup = 34195F7017CA80A90036F8DC;
			productRefGroup = 34195F7A17CA80A90036F8DC /* Products */;
			projectDirPath = "";
			projectRoot = "";
			targets = (
				34195F7817CA80A90036F8DC /* WeViews2DemoApp */,
				34195FAA17CA80A90036F8DC /* WeViews2DemoAppTests */,
			);
		};
/* End PBXProject section */

/* Begin PBXResourcesBuildPhase section */
		34195F7717CA80A90036F8DC /* Resources */ = {
			isa = PBXResourcesBuildPhase;
			buildActionMask = 2147483647;
			files = (
				34195F8717CA80A90036F8DC /* InfoPlist.strings in Resources */,
				34195F8F17CA80A90036F8DC /* Default.png in Resources */,
				34195F9117CA80A90036F8DC /* Default@2x.png in Resources */,
				34195F9317CA80A90036F8DC /* Default-568h@2x.png in Resources */,
				3444366317D2A5B800EFF341 /* Images in Resources */,
				3444366B17D2A5E100EFF341 /* Icon-72.png in Resources */,
				3444366C17D2A5E100EFF341 /* icon-512.png in Resources */,
				3444366D17D2A5E100EFF341 /* Icon-Small-50.png in Resources */,
				3444366E17D2A5E100EFF341 /* Icon-Small.png in Resources */,
				3444366F17D2A5E100EFF341 /* Icon-Small@2x.png in Resources */,
				3444367017D2A5E100EFF341 /* Icon.png in Resources */,
				3444367117D2A5E100EFF341 /* Icon@2x.png in Resources */,
				3444367A17D2A7DC00EFF341 /* subtlepatterns.com in Resources */,
				3444368B17D3F9DB00EFF341 /* README.md in Resources */,
				3444368D17D3F9E300EFF341 /* LICENSE in Resources */,
				34C19C6417DBE8DA0025914F /* FAQ.md in Resources */,
			);
			runOnlyForDeploymentPostprocessing = 0;
		};
		34195FA817CA80A90036F8DC /* Resources */ = {
			isa = PBXResourcesBuildPhase;
			buildActionMask = 2147483647;
			files = (
				34195FB717CA80A90036F8DC /* InfoPlist.strings in Resources */,
			);
			runOnlyForDeploymentPostprocessing = 0;
		};
/* End PBXResourcesBuildPhase section */

/* Begin PBXShellScriptBuildPhase section */
		34195FA917CA80A90036F8DC /* ShellScript */ = {
			isa = PBXShellScriptBuildPhase;
			buildActionMask = 2147483647;
			files = (
			);
			inputPaths = (
			);
			outputPaths = (
			);
			runOnlyForDeploymentPostprocessing = 0;
			shellPath = /bin/sh;
			shellScript = "# Run the unit tests in this test bundle.\n\"${SYSTEM_DEVELOPER_DIR}/Tools/RunUnitTests\"\n";
		};
/* End PBXShellScriptBuildPhase section */

/* Begin PBXSourcesBuildPhase section */
		34195F7517CA80A90036F8DC /* Sources */ = {
			isa = PBXSourcesBuildPhase;
			buildActionMask = 2147483647;
			files = (
				34195F8917CA80A90036F8DC /* main.m in Sources */,
				34195F8D17CA80A90036F8DC /* AppDelegate.m in Sources */,
				34195FD417CA82300036F8DC /* Demo.m in Sources */,
				34195FEB17CA87400036F8DC /* SidebarViewController.m in Sources */,
				34195FEC17CA87400036F8DC /* SelectDemoViewController.m in Sources */,
				344435C817CACFEB00EFF341 /* ViewDescriptionViewController.m in Sources */,
				344435C917CACFEB00EFF341 /* ViewHierarchyTree.m in Sources */,
				344435CF17CAD20F00EFF341 /* DemoModel.m in Sources */,
				344435D917CAFA1D00EFF341 /* ViewTreeViewController.m in Sources */,
				344435F417CF6DEA00EFF341 /* ViewEditorController.m in Sources */,
				3444365817D22B0A00EFF341 /* DefaultSandboxView.m in Sources */,
				3444365917D22B0A00EFF341 /* SandboxView.m in Sources */,
				3444365A17D22B0A00EFF341 /* SandboxViewController.m in Sources */,
				3444365D17D2930100EFF341 /* DemoViewFactory.m in Sources */,
				34C19C6017DB967E0025914F /* DemoFactory.m in Sources */,
				34C19CC917DD1D4C0025914F /* WeViewBlockLayout.m in Sources */,
				34C19CCA17DD1D4C0025914F /* WeViewGridLayout.m in Sources */,
				34C19CCB17DD1D4C0025914F /* WeViewLayout.m in Sources */,
				34C19CCC17DD1D4C0025914F /* WeViewLinearLayout.m in Sources */,
				34C19CCD17DD1D4C0025914F /* WeViewNoopLayout.m in Sources */,
				34C19CCE17DD1D4C0025914F /* WeViewStackLayout.m in Sources */,
				34C19CCF17DD1D4C0025914F /* UIView+WeView.m in Sources */,
				34C19CD017DD1D4C0025914F /* WeView.m in Sources */,
				34C19CD617DD1DA30025914F /* WeViewDemoUtils.m in Sources */,
				34C19D2517E64CCA0025914F /* TutorialCode.m in Sources */,
				34C19D2817E7E0780025914F /* WeViewFlowLayout.m in Sources */,
			);
			runOnlyForDeploymentPostprocessing = 0;
		};
		34195FA617CA80A90036F8DC /* Sources */ = {
			isa = PBXSourcesBuildPhase;
			buildActionMask = 2147483647;
			files = (
				34195FBA17CA80A90036F8DC /* WeViews2DemoAppTests.m in Sources */,
			);
			runOnlyForDeploymentPostprocessing = 0;
		};
/* End PBXSourcesBuildPhase section */

/* Begin PBXTargetDependency section */
		34195FB117CA80A90036F8DC /* PBXTargetDependency */ = {
			isa = PBXTargetDependency;
			target = 34195F7817CA80A90036F8DC /* WeViews2DemoApp */;
			targetProxy = 34195FB017CA80A90036F8DC /* PBXContainerItemProxy */;
		};
/* End PBXTargetDependency section */

/* Begin PBXVariantGroup section */
		34195F8517CA80A90036F8DC /* InfoPlist.strings */ = {
			isa = PBXVariantGroup;
			children = (
				34195F8617CA80A90036F8DC /* en */,
			);
			name = InfoPlist.strings;
			sourceTree = "<group>";
		};
		34195FB517CA80A90036F8DC /* InfoPlist.strings */ = {
			isa = PBXVariantGroup;
			children = (
				34195FB617CA80A90036F8DC /* en */,
			);
			name = InfoPlist.strings;
			sourceTree = "<group>";
		};
/* End PBXVariantGroup section */

/* Begin XCBuildConfiguration section */
		34195FBB17CA80A90036F8DC /* Debug */ = {
			isa = XCBuildConfiguration;
			buildSettings = {
				ALWAYS_SEARCH_USER_PATHS = NO;
				CLANG_CXX_LANGUAGE_STANDARD = "gnu++0x";
				CLANG_CXX_LIBRARY = "libc++";
				CLANG_ENABLE_OBJC_ARC = YES;
				CLANG_WARN_CONSTANT_CONVERSION = YES;
				CLANG_WARN_EMPTY_BODY = YES;
				CLANG_WARN_ENUM_CONVERSION = YES;
				CLANG_WARN_INT_CONVERSION = YES;
				CLANG_WARN__DUPLICATE_METHOD_MATCH = YES;
				"CODE_SIGN_IDENTITY[sdk=iphoneos*]" = "iPhone Developer";
				COPY_PHASE_STRIP = NO;
				GCC_C_LANGUAGE_STANDARD = gnu99;
				GCC_DYNAMIC_NO_PIC = NO;
				GCC_OPTIMIZATION_LEVEL = 0;
				GCC_PREPROCESSOR_DEFINITIONS = (
					"DEBUG=1",
					"$(inherited)",
				);
				GCC_SYMBOLS_PRIVATE_EXTERN = NO;
				GCC_WARN_ABOUT_RETURN_TYPE = YES;
				GCC_WARN_UNINITIALIZED_AUTOS = YES;
				GCC_WARN_UNUSED_VARIABLE = YES;
				IPHONEOS_DEPLOYMENT_TARGET = 5.1;
				ONLY_ACTIVE_ARCH = YES;
				SDKROOT = iphoneos;
				TARGETED_DEVICE_FAMILY = "1,2";
			};
			name = Debug;
		};
		34195FBC17CA80A90036F8DC /* Release */ = {
			isa = XCBuildConfiguration;
			buildSettings = {
				ALWAYS_SEARCH_USER_PATHS = NO;
				CLANG_CXX_LANGUAGE_STANDARD = "gnu++0x";
				CLANG_CXX_LIBRARY = "libc++";
				CLANG_ENABLE_OBJC_ARC = YES;
				CLANG_WARN_CONSTANT_CONVERSION = YES;
				CLANG_WARN_EMPTY_BODY = YES;
				CLANG_WARN_ENUM_CONVERSION = YES;
				CLANG_WARN_INT_CONVERSION = YES;
				CLANG_WARN__DUPLICATE_METHOD_MATCH = YES;
				"CODE_SIGN_IDENTITY[sdk=iphoneos*]" = "iPhone Developer";
				COPY_PHASE_STRIP = YES;
				GCC_C_LANGUAGE_STANDARD = gnu99;
				GCC_WARN_ABOUT_RETURN_TYPE = YES;
				GCC_WARN_UNINITIALIZED_AUTOS = YES;
				GCC_WARN_UNUSED_VARIABLE = YES;
				IPHONEOS_DEPLOYMENT_TARGET = 5.1;
				OTHER_CFLAGS = "-DNS_BLOCK_ASSERTIONS=1";
				SDKROOT = iphoneos;
				TARGETED_DEVICE_FAMILY = "1,2";
				VALIDATE_PRODUCT = YES;
			};
			name = Release;
		};
		34195FBE17CA80A90036F8DC /* Debug */ = {
			isa = XCBuildConfiguration;
			buildSettings = {
				GCC_PRECOMPILE_PREFIX_HEADER = YES;
				GCC_PREFIX_HEADER = "WeViews2DemoApp/WeViews2DemoApp-Prefix.pch";
				INFOPLIST_FILE = "WeViews2DemoApp/WeViews2DemoApp-Info.plist";
				PRODUCT_NAME = "$(TARGET_NAME)";
				TARGETED_DEVICE_FAMILY = 2;
				WRAPPER_EXTENSION = app;
			};
			name = Debug;
		};
		34195FBF17CA80A90036F8DC /* Release */ = {
			isa = XCBuildConfiguration;
			buildSettings = {
				GCC_PRECOMPILE_PREFIX_HEADER = YES;
				GCC_PREFIX_HEADER = "WeViews2DemoApp/WeViews2DemoApp-Prefix.pch";
				INFOPLIST_FILE = "WeViews2DemoApp/WeViews2DemoApp-Info.plist";
				PRODUCT_NAME = "$(TARGET_NAME)";
				TARGETED_DEVICE_FAMILY = 2;
				WRAPPER_EXTENSION = app;
			};
			name = Release;
		};
		34195FC117CA80A90036F8DC /* Debug */ = {
			isa = XCBuildConfiguration;
			buildSettings = {
				BUNDLE_LOADER = "$(BUILT_PRODUCTS_DIR)/WeViews2DemoApp.app/WeViews2DemoApp";
				FRAMEWORK_SEARCH_PATHS = (
					"\"$(SDKROOT)/Developer/Library/Frameworks\"",
					"\"$(DEVELOPER_LIBRARY_DIR)/Frameworks\"",
				);
				GCC_PRECOMPILE_PREFIX_HEADER = YES;
				GCC_PREFIX_HEADER = "WeViews2DemoApp/WeViews2DemoApp-Prefix.pch";
				INFOPLIST_FILE = "WeViews2DemoAppTests/WeViews2DemoAppTests-Info.plist";
				PRODUCT_NAME = "$(TARGET_NAME)";
				TEST_HOST = "$(BUNDLE_LOADER)";
				WRAPPER_EXTENSION = octest;
			};
			name = Debug;
		};
		34195FC217CA80A90036F8DC /* Release */ = {
			isa = XCBuildConfiguration;
			buildSettings = {
				BUNDLE_LOADER = "$(BUILT_PRODUCTS_DIR)/WeViews2DemoApp.app/WeViews2DemoApp";
				FRAMEWORK_SEARCH_PATHS = (
					"\"$(SDKROOT)/Developer/Library/Frameworks\"",
					"\"$(DEVELOPER_LIBRARY_DIR)/Frameworks\"",
				);
				GCC_PRECOMPILE_PREFIX_HEADER = YES;
				GCC_PREFIX_HEADER = "WeViews2DemoApp/WeViews2DemoApp-Prefix.pch";
				INFOPLIST_FILE = "WeViews2DemoAppTests/WeViews2DemoAppTests-Info.plist";
				PRODUCT_NAME = "$(TARGET_NAME)";
				TEST_HOST = "$(BUNDLE_LOADER)";
				WRAPPER_EXTENSION = octest;
			};
			name = Release;
		};
/* End XCBuildConfiguration section */

/* Begin XCConfigurationList section */
		34195F7417CA80A90036F8DC /* Build configuration list for PBXProject "WeViews2DemoApp" */ = {
			isa = XCConfigurationList;
			buildConfigurations = (
				34195FBB17CA80A90036F8DC /* Debug */,
				34195FBC17CA80A90036F8DC /* Release */,
			);
			defaultConfigurationIsVisible = 0;
			defaultConfigurationName = Release;
		};
		34195FBD17CA80A90036F8DC /* Build configuration list for PBXNativeTarget "WeViews2DemoApp" */ = {
			isa = XCConfigurationList;
			buildConfigurations = (
				34195FBE17CA80A90036F8DC /* Debug */,
				34195FBF17CA80A90036F8DC /* Release */,
			);
			defaultConfigurationIsVisible = 0;
			defaultConfigurationName = Release;
		};
		34195FC017CA80A90036F8DC /* Build configuration list for PBXNativeTarget "WeViews2DemoAppTests" */ = {
			isa = XCConfigurationList;
			buildConfigurations = (
				34195FC117CA80A90036F8DC /* Debug */,
				34195FC217CA80A90036F8DC /* Release */,
			);
			defaultConfigurationIsVisible = 0;
			defaultConfigurationName = Release;
		};
/* End XCConfigurationList section */
	};
	rootObject = 34195F7117CA80A90036F8DC /* Project object */;
}
